
Microsoft Visual Studio Solution File, Format Version 12.00
# Visual Studio Version 16
VisualStudioVersion = 16.0.32901.82
MinimumVisualStudioVersion = 10.0.40219.1
Project("{FAE04EC0-301F-11D3-BF4B-00C04F79EFBC}") = "wechat", "wechat\wechat.csproj", "{B96C66EF-31B6-4D4E-A56B-EFAB878D076F}"
EndProject
Global
	GlobalSection(SolutionConfigurationPlatforms) = preSolution
		Debug|Any CPU = Debug|Any CPU
		Release|Any CPU = Release|Any CPU
	EndGlobalSection
	GlobalSection(ProjectConfigurationPlatforms) = postSolution
		{B96C66EF-31B6-4D4E-A56B-EFAB878D076F}.Debug|Any CPU.ActiveCfg = Debug|Any CPU
		{B96C66EF-31B6-4D4E-A56B-EFAB878D076F}.Debug|Any CPU.Build.0 = Debug|Any CPU
		{B96C66EF-31B6-4D4E-A56B-EFAB878D076F}.Release|Any CPU.ActiveCfg = Release|Any CPU
		{B96C66EF-31B6-4D4E-A56B-EFAB878D076F}.Release|Any CPU.Build.0 = Release|Any CPU
	EndGlobalSection
	GlobalSection(SolutionProperties) = preSolution
		HideSolutionNode = FALSE
	EndGlobalSection
	GlobalSection(ExtensibilityGlobals) = postSolution
		SolutionGuid = {99B73BA0-D3D5-49B2-A890-1EB2AD10422B}
	EndGlobalSection
EndGlobal
